
Microsoft Visual Studio Solution File, Format Version 12.00
# Visual Studio 15
VisualStudioVersion = 15.0.28307.168
MinimumVisualStudioVersion = 10.0.40219.1
Project("{FAE04EC0-301F-11D3-BF4B-00C04F79EFBC}") = "Ex03.GarageLogic", "Ex03.GarageLogic\Ex03.GarageLogic.csproj", "{70A3D18A-2E61-4BC2-AD2A-F358CF7C5EBF}"
EndProject
Project("{FAE04EC0-301F-11D3-BF4B-00C04F79EFBC}") = "Ex03.ConsoleUI", "Ex03.ConsoleUI\Ex03.ConsoleUI.csproj", "{379AFDB0-A944-4072-8C09-D61E7C7A3F15}"
EndProject
Global
	GlobalSection(SolutionConfigurationPlatforms) = preSolution
		Debug|Any CPU = Debug|Any CPU
		Release|Any CPU = Release|Any CPU
	EndGlobalSection
	GlobalSection(ProjectConfigurationPlatforms) = postSolution
		{70A3D18A-2E61-4BC2-AD2A-F358CF7C5EBF}.Debug|Any CPU.ActiveCfg = Debug|Any CPU
		{70A3D18A-2E61-4BC2-AD2A-F358CF7C5EBF}.Debug|Any CPU.Build.0 = Debug|Any CPU
		{70A3D18A-2E61-4BC2-AD2A-F358CF7C5EBF}.Release|Any CPU.ActiveCfg = Release|Any CPU
		{70A3D18A-2E61-4BC2-AD2A-F358CF7C5EBF}.Release|Any CPU.Build.0 = Release|Any CPU
		{379AFDB0-A944-4072-8C09-D61E7C7A3F15}.Debug|Any CPU.ActiveCfg = Debug|Any CPU
		{379AFDB0-A944-4072-8C09-D61E7C7A3F15}.Debug|Any CPU.Build.0 = Debug|Any CPU
		{379AFDB0-A944-4072-8C09-D61E7C7A3F15}.Release|Any CPU.ActiveCfg = Release|Any CPU
		{379AFDB0-A944-4072-8C09-D61E7C7A3F15}.Release|Any CPU.Build.0 = Release|Any CPU
	EndGlobalSection
	GlobalSection(SolutionProperties) = preSolution
		HideSolutionNode = FALSE
	EndGlobalSection
	GlobalSection(ExtensibilityGlobals) = postSolution
		SolutionGuid = {86897815-42E0-4112-87A4-6D3BC73DD5AF}
	EndGlobalSection
EndGlobal
